
Microsoft Visual Studio Solution File, Format Version 12.00
# Visual Studio Version 17
VisualStudioVersion = 17.0.31903.59
MinimumVisualStudioVersion = 10.0.40219.1
Project("{FAE04EC0-301F-11D3-BF4B-00C04F79EFBC}") = "TKApp.API", "TKApp.API\TKApp.API.csproj", "{E466ADBF-27A9-4EFC-A310-5DCA0B3589D4}"
EndProject
Project("{FAE04EC0-301F-11D3-BF4B-00C04F79EFBC}") = "TKApp.Core", "TKApp.Core\TKApp.Core.csproj", "{95E8BF5B-A8C8-4E9D-80B5-2E2FF208C654}"
EndProject
Project("{FAE04EC0-301F-11D3-BF4B-00C04F79EFBC}") = "TKApp.Business", "TKApp.Business\TKApp.Business.csproj", "{0F01A327-3B2A-4240-9168-44CF5482C35A}"
EndProject
Project("{FAE04EC0-301F-11D3-BF4B-00C04F79EFBC}") = "TKApp.Data", "TKApp.Data\TKApp.Data.csproj", "{F6375B03-DD96-4B5F-AD7E-EB4D4FBE0193}"
EndProject
Project("{FAE04EC0-301F-11D3-BF4B-00C04F79EFBC}") = "TKApp.Entities", "TKApp.Entities\TKApp.Entities.csproj", "{2ACA8150-FBA4-42D0-AC83-14AD8E6342BD}"
EndProject
Project("{FAE04EC0-301F-11D3-BF4B-00C04F79EFBC}") = "TKApp.Shared", "TKApp.Shared\TKApp.Shared.csproj", "{32433B43-18D4-4ECA-9A5C-62534059C0FF}"
EndProject
Project("{FAE04EC0-301F-11D3-BF4B-00C04F79EFBC}") = "TKApp.Tests", "TKApp.Tests\TKApp.Tests.csproj", "{59FD615D-4A31-4FEA-B635-91B3FBEDB942}"
EndProject
Global
	GlobalSection(SolutionConfigurationPlatforms) = preSolution
		Debug|Any CPU = Debug|Any CPU
		Debug|x64 = Debug|x64
		Debug|x86 = Debug|x86
		Release|Any CPU = Release|Any CPU
		Release|x64 = Release|x64
		Release|x86 = Release|x86
	EndGlobalSection
	GlobalSection(ProjectConfigurationPlatforms) = postSolution
		{E466ADBF-27A9-4EFC-A310-5DCA0B3589D4}.Debug|Any CPU.ActiveCfg = Debug|Any CPU
		{E466ADBF-27A9-4EFC-A310-5DCA0B3589D4}.Debug|Any CPU.Build.0 = Debug|Any CPU
		{E466ADBF-27A9-4EFC-A310-5DCA0B3589D4}.Debug|x64.ActiveCfg = Debug|Any CPU
		{E466ADBF-27A9-4EFC-A310-5DCA0B3589D4}.Debug|x64.Build.0 = Debug|Any CPU
		{E466ADBF-27A9-4EFC-A310-5DCA0B3589D4}.Debug|x86.ActiveCfg = Debug|Any CPU
		{E466ADBF-27A9-4EFC-A310-5DCA0B3589D4}.Debug|x86.Build.0 = Debug|Any CPU
		{E466ADBF-27A9-4EFC-A310-5DCA0B3589D4}.Release|Any CPU.ActiveCfg = Release|Any CPU
		{E466ADBF-27A9-4EFC-A310-5DCA0B3589D4}.Release|Any CPU.Build.0 = Release|Any CPU
		{E466ADBF-27A9-4EFC-A310-5DCA0B3589D4}.Release|x64.ActiveCfg = Release|Any CPU
		{E466ADBF-27A9-4EFC-A310-5DCA0B3589D4}.Release|x64.Build.0 = Release|Any CPU
		{E466ADBF-27A9-4EFC-A310-5DCA0B3589D4}.Release|x86.ActiveCfg = Release|Any CPU
		{E466ADBF-27A9-4EFC-A310-5DCA0B3589D4}.Release|x86.Build.0 = Release|Any CPU
		{95E8BF5B-A8C8-4E9D-80B5-2E2FF208C654}.Debug|Any CPU.ActiveCfg = Debug|Any CPU
		{95E8BF5B-A8C8-4E9D-80B5-2E2FF208C654}.Debug|Any CPU.Build.0 = Debug|Any CPU
		{95E8BF5B-A8C8-4E9D-80B5-2E2FF208C654}.Debug|x64.ActiveCfg = Debug|Any CPU
		{95E8BF5B-A8C8-4E9D-80B5-2E2FF208C654}.Debug|x64.Build.0 = Debug|Any CPU
		{95E8BF5B-A8C8-4E9D-80B5-2E2FF208C654}.Debug|x86.ActiveCfg = Debug|Any CPU
		{95E8BF5B-A8C8-4E9D-80B5-2E2FF208C654}.Debug|x86.Build.0 = Debug|Any CPU
		{95E8BF5B-A8C8-4E9D-80B5-2E2FF208C654}.Release|Any CPU.ActiveCfg = Release|Any CPU
		{95E8BF5B-A8C8-4E9D-80B5-2E2FF208C654}.Release|Any CPU.Build.0 = Release|Any CPU
		{95E8BF5B-A8C8-4E9D-80B5-2E2FF208C654}.Release|x64.ActiveCfg = Release|Any CPU
		{95E8BF5B-A8C8-4E9D-80B5-2E2FF208C654}.Release|x64.Build.0 = Release|Any CPU
		{95E8BF5B-A8C8-4E9D-80B5-2E2FF208C654}.Release|x86.ActiveCfg = Release|Any CPU
		{95E8BF5B-A8C8-4E9D-80B5-2E2FF208C654}.Release|x86.Build.0 = Release|Any CPU
		{0F01A327-3B2A-4240-9168-44CF5482C35A}.Debug|Any CPU.ActiveCfg = Debug|Any CPU
		{0F01A327-3B2A-4240-9168-44CF5482C35A}.Debug|Any CPU.Build.0 = Debug|Any CPU
		{0F01A327-3B2A-4240-9168-44CF5482C35A}.Debug|x64.ActiveCfg = Debug|Any CPU
		{0F01A327-3B2A-4240-9168-44CF5482C35A}.Debug|x64.Build.0 = Debug|Any CPU
		{0F01A327-3B2A-4240-9168-44CF5482C35A}.Debug|x86.ActiveCfg = Debug|Any CPU
		{0F01A327-3B2A-4240-9168-44CF5482C35A}.Debug|x86.Build.0 = Debug|Any CPU
		{0F01A327-3B2A-4240-9168-44CF5482C35A}.Release|Any CPU.ActiveCfg = Release|Any CPU
		{0F01A327-3B2A-4240-9168-44CF5482C35A}.Release|Any CPU.Build.0 = Release|Any CPU
		{0F01A327-3B2A-4240-9168-44CF5482C35A}.Release|x64.ActiveCfg = Release|Any CPU
		{0F01A327-3B2A-4240-9168-44CF5482C35A}.Release|x64.Build.0 = Release|Any CPU
		{0F01A327-3B2A-4240-9168-44CF5482C35A}.Release|x86.ActiveCfg = Release|Any CPU
		{0F01A327-3B2A-4240-9168-44CF5482C35A}.Release|x86.Build.0 = Release|Any CPU
		{F6375B03-DD96-4B5F-AD7E-EB4D4FBE0193}.Debug|Any CPU.ActiveCfg = Debug|Any CPU
		{F6375B03-DD96-4B5F-AD7E-EB4D4FBE0193}.Debug|Any CPU.Build.0 = Debug|Any CPU
		{F6375B03-DD96-4B5F-AD7E-EB4D4FBE0193}.Debug|x64.ActiveCfg = Debug|Any CPU
		{F6375B03-DD96-4B5F-AD7E-EB4D4FBE0193}.Debug|x64.Build.0 = Debug|Any CPU
		{F6375B03-DD96-4B5F-AD7E-EB4D4FBE0193}.Debug|x86.ActiveCfg = Debug|Any CPU
		{F6375B03-DD96-4B5F-AD7E-EB4D4FBE0193}.Debug|x86.Build.0 = Debug|Any CPU
		{F6375B03-DD96-4B5F-AD7E-EB4D4FBE0193}.Release|Any CPU.ActiveCfg = Release|Any CPU
		{F6375B03-DD96-4B5F-AD7E-EB4D4FBE0193}.Release|Any CPU.Build.0 = Release|Any CPU
		{F6375B03-DD96-4B5F-AD7E-EB4D4FBE0193}.Release|x64.ActiveCfg = Release|Any CPU
		{F6375B03-DD96-4B5F-AD7E-EB4D4FBE0193}.Release|x64.Build.0 = Release|Any CPU
		{F6375B03-DD96-4B5F-AD7E-EB4D4FBE0193}.Release|x86.ActiveCfg = Release|Any CPU
		{F6375B03-DD96-4B5F-AD7E-EB4D4FBE0193}.Release|x86.Build.0 = Release|Any CPU
		{2ACA8150-FBA4-42D0-AC83-14AD8E6342BD}.Debug|Any CPU.ActiveCfg = Debug|Any CPU
		{2ACA8150-FBA4-42D0-AC83-14AD8E6342BD}.Debug|Any CPU.Build.0 = Debug|Any CPU
		{2ACA8150-FBA4-42D0-AC83-14AD8E6342BD}.Debug|x64.ActiveCfg = Debug|Any CPU
		{2ACA8150-FBA4-42D0-AC83-14AD8E6342BD}.Debug|x64.Build.0 = Debug|Any CPU
		{2ACA8150-FBA4-42D0-AC83-14AD8E6342BD}.Debug|x86.ActiveCfg = Debug|Any CPU
		{2ACA8150-FBA4-42D0-AC83-14AD8E6342BD}.Debug|x86.Build.0 = Debug|Any CPU
		{2ACA8150-FBA4-42D0-AC83-14AD8E6342BD}.Release|Any CPU.ActiveCfg = Release|Any CPU
		{2ACA8150-FBA4-42D0-AC83-14AD8E6342BD}.Release|Any CPU.Build.0 = Release|Any CPU
		{2ACA8150-FBA4-42D0-AC83-14AD8E6342BD}.Release|x64.ActiveCfg = Release|Any CPU
		{2ACA8150-FBA4-42D0-AC83-14AD8E6342BD}.Release|x64.Build.0 = Release|Any CPU
		{2ACA8150-FBA4-42D0-AC83-14AD8E6342BD}.Release|x86.ActiveCfg = Release|Any CPU
		{2ACA8150-FBA4-42D0-AC83-14AD8E6342BD}.Release|x86.Build.0 = Release|Any CPU
		{32433B43-18D4-4ECA-9A5C-62534059C0FF}.Debug|Any CPU.ActiveCfg = Debug|Any CPU
		{32433B43-18D4-4ECA-9A5C-62534059C0FF}.Debug|Any CPU.Build.0 = Debug|Any CPU
		{32433B43-18D4-4ECA-9A5C-62534059C0FF}.Debug|x64.ActiveCfg = Debug|Any CPU
		{32433B43-18D4-4ECA-9A5C-62534059C0FF}.Debug|x64.Build.0 = Debug|Any CPU
		{32433B43-18D4-4ECA-9A5C-62534059C0FF}.Debug|x86.ActiveCfg = Debug|Any CPU
		{32433B43-18D4-4ECA-9A5C-62534059C0FF}.Debug|x86.Build.0 = Debug|Any CPU
		{32433B43-18D4-4ECA-9A5C-62534059C0FF}.Release|Any CPU.ActiveCfg = Release|Any CPU
		{32433B43-18D4-4ECA-9A5C-62534059C0FF}.Release|Any CPU.Build.0 = Release|Any CPU
		{32433B43-18D4-4ECA-9A5C-62534059C0FF}.Release|x64.ActiveCfg = Release|Any CPU
		{32433B43-18D4-4ECA-9A5C-62534059C0FF}.Release|x64.Build.0 = Release|Any CPU
		{32433B43-18D4-4ECA-9A5C-62534059C0FF}.Release|x86.ActiveCfg = Release|Any CPU
		{32433B43-18D4-4ECA-9A5C-62534059C0FF}.Release|x86.Build.0 = Release|Any CPU
		{59FD615D-4A31-4FEA-B635-91B3FBEDB942}.Debug|Any CPU.ActiveCfg = Debug|Any CPU
		{59FD615D-4A31-4FEA-B635-91B3FBEDB942}.Debug|Any CPU.Build.0 = Debug|Any CPU
		{59FD615D-4A31-4FEA-B635-91B3FBEDB942}.Debug|x64.ActiveCfg = Debug|Any CPU
		{59FD615D-4A31-4FEA-B635-91B3FBEDB942}.Debug|x64.Build.0 = Debug|Any CPU
		{59FD615D-4A31-4FEA-B635-91B3FBEDB942}.Debug|x86.ActiveCfg = Debug|Any CPU
		{59FD615D-4A31-4FEA-B635-91B3FBEDB942}.Debug|x86.Build.0 = Debug|Any CPU
		{59FD615D-4A31-4FEA-B635-91B3FBEDB942}.Release|Any CPU.ActiveCfg = Release|Any CPU
		{59FD615D-4A31-4FEA-B635-91B3FBEDB942}.Release|Any CPU.Build.0 = Release|Any CPU
		{59FD615D-4A31-4FEA-B635-91B3FBEDB942}.Release|x64.ActiveCfg = Release|Any CPU
		{59FD615D-4A31-4FEA-B635-91B3FBEDB942}.Release|x64.Build.0 = Release|Any CPU
		{59FD615D-4A31-4FEA-B635-91B3FBEDB942}.Release|x86.ActiveCfg = Release|Any CPU
		{59FD615D-4A31-4FEA-B635-91B3FBEDB942}.Release|x86.Build.0 = Release|Any CPU
	EndGlobalSection
	GlobalSection(SolutionProperties) = preSolution
		HideSolutionNode = FALSE
	EndGlobalSection
EndGlobal
